
Microsoft Visual Studio Solution File, Format Version 12.00
# Visual Studio Version 17
VisualStudioVersion = 17.0.31903.59
MinimumVisualStudioVersion = 10.0.40219.1
Project("{FAE04EC0-301F-11D3-BF4B-00C04F79EFBC}") = "PalindromeNumber", "PalindromeNumber.csproj", "{D447942C-ED2E-408D-A757-EF872ADEE110}"
EndProject
Global
	GlobalSection(SolutionConfigurationPlatforms) = preSolution
		Debug|Any CPU = Debug|Any CPU
		Release|Any CPU = Release|Any CPU
	EndGlobalSection
	GlobalSection(ProjectConfigurationPlatforms) = postSolution
		{D447942C-ED2E-408D-A757-EF872ADEE110}.Debug|Any CPU.ActiveCfg = Debug|Any CPU
		{D447942C-ED2E-408D-A757-EF872ADEE110}.Debug|Any CPU.Build.0 = Debug|Any CPU
		{D447942C-ED2E-408D-A757-EF872ADEE110}.Release|Any CPU.ActiveCfg = Release|Any CPU
		{D447942C-ED2E-408D-A757-EF872ADEE110}.Release|Any CPU.Build.0 = Release|Any CPU
	EndGlobalSection
	GlobalSection(SolutionProperties) = preSolution
		HideSolutionNode = FALSE
	EndGlobalSection
	GlobalSection(ExtensibilityGlobals) = postSolution
		SolutionGuid = {E656BBD1-BBB8-46F8-A98D-D4694142D6BE}
	EndGlobalSection
EndGlobal
